{
  "version": 4,
  "terraform_version": "1.9.8",
  "serial": 25,
  "lineage": "fd6cc475-3786-1d2b-0db8-32222906c1fe",
  "outputs": {
    "kubernetes_cluster_name": {
      "value": "my-gke-cluster",
      "type": "string"
    }
  },
  "resources": [
    {
      "mode": "data",
      "type": "google_client_config",
      "name": "default",
      "provider": "provider[\"registry.terraform.io/hashicorp/google\"]",
      "instances": [
        {
          "schema_version": 0,
          "attributes": {
            "access_token": "ya29.c.c0ASRK0GaCkxmzoMwl2JnP-QbuSmJ0DS8NrlfhUfMlXrwF7qa9iLoRtZEP8B9CDqaP5he542LMGSzARmf4TwczgcYnqkkmTd4ZzdGTUAtwsnGhpd_07SRap0VlTtK3K5-J4TmW9uaZEEfZV8cPBi2gEIpIjViUh6VVuSPchWqzQxE-KNtpV7JKVWcoJONIHLfpyubS7ZG4LTnVUsOA-WF75cyzI6AEoPrpDu9sWsNkRlrvr6u24Rc-bzYYa1AGyqKx6ChhI3bn0NwQo9a4Sh0ha-Ep8zaw42NoyIbukc78ABW_g9NaILBxhq4tj5GnElmybmLl2Hfvo8EhUBtS-TNchPilUfat5Y4CG5PZ1qF9puunvVJ8j_WAKoAzL385AvYrkwZddy0tZwYycog0RfpJUkcYt67f6hrrntgY9w_t5Vl_Qy7jeWkiUvOORkksz04xSgVkV5cbagedUwSgsdX5Fr-552ZFnjF2VzU0Ie84az_i7SxcQfI4slZ3wvMdIbOv2xdV1g99_2sa2nbO56MfeztmXzzekh4fkUt1qgYRrdo77W-6bXJkRhZobw4o-uYs7lM6YFmk1yX4lgW_J3MoSZMp7qXrJO3-ayW4wi8oeBhYUnocs93eMsMwthax42XY_1izZiawclo3tm3J_WYW99uu6V6t67SMXQ_k8YRVhMruyob9dX4hXgjzz8Bm7pSf3_xyt5FxwZ_prcv6lffylBYYaeq4_eJn_fpmq7W1iu2gaakqtdWdSglb9hwBYbXwFQynQ27q4Zy62yhf8d8cS9YwhwrjB-miyomn6VyZZf8RagWSwezf9ws7uQxxnXW2dciIe_UnRpaaa3zf-b4nf8eUJS-_vIr4Q_m-5aiQIQznr-VYQa7x9m6QJJFacQfU8JsXxyaj6It3tZiQzqMVY_SIpRpIxw7m1abnaQ956Mn97j7-3kxm3kUkwj_cqjzIpZBn4jQ6FMqMY-jqBYSxYgeJxZbbyi-Shuv05d4v42bYz9FoSnV8Yr9",
            "default_labels": null,
            "id": "projects/\"devops-demo-440509\"/regions/\"asia-northeast1\"/zones/\u003cnull\u003e",
            "project": "devops-demo-440509",
            "region": "asia-northeast1",
            "zone": null
          },
          "sensitive_attributes": [
            [
              {
                "type": "get_attr",
                "value": "access_token"
              }
            ]
          ]
        }
      ]
    },
    {
      "mode": "managed",
      "type": "google_container_cluster",
      "name": "primary",
      "provider": "provider[\"registry.terraform.io/hashicorp/google\"]",
      "instances": [
        {
          "schema_version": 2,
          "attributes": {
            "addons_config": [
              {
                "cloudrun_config": [],
                "config_connector_config": [],
                "dns_cache_config": [],
                "gce_persistent_disk_csi_driver_config": [
                  {
                    "enabled": true
                  }
                ],
                "gcp_filestore_csi_driver_config": [],
                "gcs_fuse_csi_driver_config": [],
                "gke_backup_agent_config": [],
                "horizontal_pod_autoscaling": [],
                "http_load_balancing": [],
                "network_policy_config": [
                  {
                    "disabled": true
                  }
                ],
                "ray_operator_config": [],
                "stateful_ha_config": []
              }
            ],
            "allow_net_admin": null,
            "authenticator_groups_config": [],
            "binary_authorization": [
              {
                "enabled": false,
                "evaluation_mode": ""
              }
            ],
            "cluster_autoscaling": [
              {
                "auto_provisioning_defaults": [],
                "auto_provisioning_locations": [],
                "autoscaling_profile": "BALANCED",
                "enabled": false,
                "resource_limits": []
              }
            ],
            "cluster_ipv4_cidr": "10.112.0.0/14",
            "confidential_nodes": [],
            "cost_management_config": [],
            "database_encryption": [
              {
                "key_name": "",
                "state": "DECRYPTED"
              }
            ],
            "datapath_provider": "",
            "default_max_pods_per_node": 110,
            "default_snat_status": [
              {
                "disabled": false
              }
            ],
            "deletion_protection": false,
            "description": "",
            "dns_config": [],
            "effective_labels": {
              "goog-terraform-provisioned": "true"
            },
            "enable_autopilot": false,
            "enable_cilium_clusterwide_network_policy": false,
            "enable_intranode_visibility": false,
            "enable_k8s_beta_apis": [],
            "enable_kubernetes_alpha": false,
            "enable_l4_ilb_subsetting": false,
            "enable_legacy_abac": false,
            "enable_multi_networking": false,
            "enable_shielded_nodes": true,
            "enable_tpu": false,
            "endpoint": "34.70.183.253",
            "fleet": [],
            "gateway_api_config": [],
            "id": "projects/devops-demo-440509/locations/us-central1/clusters/my-gke-cluster",
            "identity_service_config": [],
            "initial_node_count": 1,
            "ip_allocation_policy": [
              {
                "additional_pod_ranges_config": [],
                "cluster_ipv4_cidr_block": "10.112.0.0/14",
                "cluster_secondary_range_name": "gke-my-gke-cluster-pods-a6aa0ffa",
                "pod_cidr_overprovision_config": [
                  {
                    "disabled": false
                  }
                ],
                "services_ipv4_cidr_block": "34.118.224.0/20",
                "services_secondary_range_name": "",
                "stack_type": "IPV4"
              }
            ],
            "label_fingerprint": "78cdf2f6",
            "location": "us-central1",
            "logging_config": [
              {
                "enable_components": [
                  "SYSTEM_COMPONENTS",
                  "WORKLOADS"
                ]
              }
            ],
            "logging_service": "logging.googleapis.com/kubernetes",
            "maintenance_policy": [],
            "master_auth": [
              {
                "client_certificate": "",
                "client_certificate_config": [
                  {
                    "issue_client_certificate": false
                  }
                ],
                "client_key": "",
                "cluster_ca_certificate": "LS0tLS1CRUdJTiBDRVJUSUZJQ0FURS0tLS0tCk1JSUVMRENDQXBTZ0F3SUJBZ0lRTmZsS1FWYmYzYlR2ZFQ2ZlZJMTRzREFOQmdrcWhraUc5dzBCQVFzRkFEQXYKTVMwd0t3WURWUVFERXlReU1UZzRZVGs0TWkxaFkySm1MVFF6TlRrdE9UYzFOQzFpTkRNM01tTmxaR0l6T1RZdwpJQmNOTWpReE1UQTBNVEF6TkRVM1doZ1BNakExTkRFd01qZ3hNVE0wTlRkYU1DOHhMVEFyQmdOVkJBTVRKREl4Ck9EaGhPVGd5TFdGalltWXRORE0xT1MwNU56VTBMV0kwTXpjeVkyVmtZak01TmpDQ0FhSXdEUVlKS29aSWh2Y04KQVFFQkJRQURnZ0dQQURDQ0FZb0NnZ0dCQU54T3NCR1JIQ3UyeVltVTBXTERkWHI2UmpUNUdJZEtxbHMzRFJWRgplZE8vVkEwSU1WVVB3UkdsTnY0SkJpeS9vSjBER0hFejkreCtTWG5LWm9XeGJmRVNOQlZ0U0JGYytoRjZrOVZqCm9VdGNsT3BnMWNJU09hREpoem5ZY3hmUldLeDhPU0xEa0I2ZUZSTDhZcmI0Lyt4ZnZJY1R0UW05NHlUcFBFNHkKeVMybWhpcE9PWEkyM3FRb0RXcy9jQ1dRYVZPNXRwTGlDKzRHdHQ1Nlo2UXVmMStBcmFhaGRQV1U2bzRLbTYzKwpMUlhqa0M3ZUNCbkFRRHNDUzJ3clJZbFdNQ1U1cysvTllmYng2Z2MxdUhQc21kZkpRQjJhQ3JKRExRZ3NSbVc0CmVISXFrNmhVWnBSQnRiOVR1a0dhYnVhZzJKQXZ0WFhmVjMrc2R4VEZBb01SYlBJY3VxU1ErOGFETmRJNHlldEMKV1ZvWkJFQUx5WXBNOGVzYjJrMENEcTlzRW9tSCtCcG5KQU53d3R4QlJLMW1uakdVWkNMSlAyMTVaZGZ1L0p4NQpQR3hCeDRDVVY0UXRTbHh3Uk9vaEFaaDUzKzFwMjRRcHErbUFzN0VSUXRpVVlkYUhsZk9iTm5ydkNFaHRmdUdTCnZaRVI1Y1hMUE0yZlE2QnE3YVdYNnRBZUtRSURBUUFCbzBJd1FEQU9CZ05WSFE4QkFmOEVCQU1DQWdRd0R3WUQKVlIwVEFRSC9CQVV3QXdFQi96QWRCZ05WSFE0RUZnUVV6UFFLbXhyVVJERW9JcmhiQXI4VVpjbzlpNFF3RFFZSgpLb1pJaHZjTkFRRUxCUUFEZ2dHQkFFalZSUkQvOElrSnI5MUVUZkJXZzNldXloUHByRGNEMUpBZlB4K2drQUVzCkVrSUpwTmU3Z1RxLzlXMjNkZVhYSTE5Q1RMZW50TTZNaGRGOWhvTndsZUlxRGVicFJ4SXQrTkVIdUp3WXZ1OVkKV01kRTJIWGhKNUt0U3BqeXJiNmhqV1FkN3ovcjNMd1R2SExnRzJIYWtBL2ZNSVpKY0p4T0xoMlZOQkZKYkVuMwp1RE9naFlJRjdFbnorcXJqOHRUdzhBc0dWeisrb1lONnAzQm15N1ZNbnV6bXY1MWtnbzVqRXE4VWpKR3FicUM3CjRLYndOMS9tc3lWOVdkN3ZyclV2UDJsYW0wQk8xNTBvVE1QV3Azay91b1J5aCtINWJrTndkendsY0tNbXpkYWgKMDQ0UmNxV3VoNGVJQWhCZWJYcEVXOStRQlZ4RlBIazFIalVoaDA0dXEyVnFRN3JMdC9CV3hyVEl4M1ZBNHRxUQpmTDl0dXhVZHhnaTQ4d3R2aHNlTkNGc0t3TEVIaXJySWJQM2xGQ1gzTlNOYUtCUllHcHJWUFhiZmlOQjMxY045CnA3K2xQejdvWTFaTnJ5RkNqV3BtRHNpbmpsZ3lYemFJS2E4d2NCT21mSkVwN0VNajRvWlJHTUpEN2lrTXM4dnYKdEU4ZG1QK2l6NG9Rc2M5OEg5SlBLUT09Ci0tLS0tRU5EIENFUlRJRklDQVRFLS0tLS0K"
              }
            ],
            "master_authorized_networks_config": [],
            "master_version": "1.30.5-gke.1355000",
            "mesh_certificates": [],
            "min_master_version": null,
            "monitoring_config": [
              {
                "advanced_datapath_observability_config": [
                  {
                    "enable_metrics": false,
                    "enable_relay": false
                  }
                ],
                "enable_components": [
                  "SYSTEM_COMPONENTS",
                  "DEPLOYMENT",
                  "STATEFULSET",
                  "STORAGE",
                  "HPA",
                  "POD",
                  "DAEMONSET",
                  "CADVISOR",
                  "KUBELET"
                ],
                "managed_prometheus": [
                  {
                    "enabled": true
                  }
                ]
              }
            ],
            "monitoring_service": "monitoring.googleapis.com/kubernetes",
            "name": "my-gke-cluster",
            "network": "projects/devops-demo-440509/global/networks/default",
            "network_policy": [
              {
                "enabled": false,
                "provider": "PROVIDER_UNSPECIFIED"
              }
            ],
            "networking_mode": "VPC_NATIVE",
            "node_config": [
              {
                "advanced_machine_features": [],
                "boot_disk_kms_key": "",
                "confidential_nodes": [],
                "containerd_config": [],
                "disk_size_gb": 100,
                "disk_type": "pd-balanced",
                "effective_taints": [],
                "enable_confidential_storage": false,
                "ephemeral_storage_local_ssd_config": [],
                "fast_socket": [],
                "gcfs_config": [],
                "guest_accelerator": [],
                "gvnic": [],
                "host_maintenance_policy": [],
                "image_type": "COS_CONTAINERD",
                "kubelet_config": [],
                "labels": {},
                "linux_node_config": [],
                "local_nvme_ssd_block_config": [],
                "local_ssd_count": 0,
                "logging_variant": "DEFAULT",
                "machine_type": "e2-small",
                "metadata": {
                  "disable-legacy-endpoints": "true"
                },
                "min_cpu_platform": "",
                "node_group": "",
                "oauth_scopes": [
                  "https://www.googleapis.com/auth/cloud-platform"
                ],
                "preemptible": false,
                "reservation_affinity": [],
                "resource_labels": {},
                "resource_manager_tags": {},
                "secondary_boot_disks": [],
                "service_account": "default",
                "shielded_instance_config": [
                  {
                    "enable_integrity_monitoring": true,
                    "enable_secure_boot": false
                  }
                ],
                "sole_tenant_config": [],
                "spot": false,
                "storage_pools": [],
                "tags": [],
                "taint": [],
                "workload_metadata_config": []
              }
            ],
            "node_locations": [
              "us-central1-b",
              "us-central1-c",
              "us-central1-f"
            ],
            "node_pool": [
              {
                "autoscaling": [],
                "initial_node_count": 1,
                "instance_group_urls": [
                  "https://www.googleapis.com/compute/v1/projects/devops-demo-440509/zones/us-central1-b/instanceGroupManagers/gke-my-gke-cluster-default-pool-db08e955-grp",
                  "https://www.googleapis.com/compute/v1/projects/devops-demo-440509/zones/us-central1-c/instanceGroupManagers/gke-my-gke-cluster-default-pool-c4bff425-grp",
                  "https://www.googleapis.com/compute/v1/projects/devops-demo-440509/zones/us-central1-f/instanceGroupManagers/gke-my-gke-cluster-default-pool-2f5a8bb3-grp"
                ],
                "managed_instance_group_urls": [
                  "https://www.googleapis.com/compute/v1/projects/devops-demo-440509/zones/us-central1-b/instanceGroups/gke-my-gke-cluster-default-pool-db08e955-grp",
                  "https://www.googleapis.com/compute/v1/projects/devops-demo-440509/zones/us-central1-c/instanceGroups/gke-my-gke-cluster-default-pool-c4bff425-grp",
                  "https://www.googleapis.com/compute/v1/projects/devops-demo-440509/zones/us-central1-f/instanceGroups/gke-my-gke-cluster-default-pool-2f5a8bb3-grp"
                ],
                "management": [
                  {
                    "auto_repair": true,
                    "auto_upgrade": true
                  }
                ],
                "max_pods_per_node": 110,
                "name": "default-pool",
                "name_prefix": "",
                "network_config": [
                  {
                    "additional_node_network_configs": [],
                    "additional_pod_network_configs": [],
                    "create_pod_range": false,
                    "enable_private_nodes": false,
                    "network_performance_config": [],
                    "pod_cidr_overprovision_config": [],
                    "pod_ipv4_cidr_block": "10.112.0.0/14",
                    "pod_range": "gke-my-gke-cluster-pods-a6aa0ffa"
                  }
                ],
                "node_config": [
                  {
                    "advanced_machine_features": [],
                    "boot_disk_kms_key": "",
                    "confidential_nodes": [],
                    "containerd_config": [],
                    "disk_size_gb": 100,
                    "disk_type": "pd-balanced",
                    "effective_taints": [],
                    "enable_confidential_storage": false,
                    "ephemeral_storage_local_ssd_config": [],
                    "fast_socket": [],
                    "gcfs_config": [],
                    "guest_accelerator": [],
                    "gvnic": [],
                    "host_maintenance_policy": [],
                    "image_type": "COS_CONTAINERD",
                    "kubelet_config": [],
                    "labels": {},
                    "linux_node_config": [],
                    "local_nvme_ssd_block_config": [],
                    "local_ssd_count": 0,
                    "logging_variant": "DEFAULT",
                    "machine_type": "e2-small",
                    "metadata": {
                      "disable-legacy-endpoints": "true"
                    },
                    "min_cpu_platform": "",
                    "node_group": "",
                    "oauth_scopes": [
                      "https://www.googleapis.com/auth/cloud-platform"
                    ],
                    "preemptible": false,
                    "reservation_affinity": [],
                    "resource_labels": {},
                    "resource_manager_tags": {},
                    "secondary_boot_disks": [],
                    "service_account": "default",
                    "shielded_instance_config": [
                      {
                        "enable_integrity_monitoring": true,
                        "enable_secure_boot": false
                      }
                    ],
                    "sole_tenant_config": [],
                    "spot": false,
                    "storage_pools": [],
                    "tags": [],
                    "taint": [],
                    "workload_metadata_config": []
                  }
                ],
                "node_count": 1,
                "node_locations": [
                  "us-central1-b",
                  "us-central1-c",
                  "us-central1-f"
                ],
                "placement_policy": [],
                "queued_provisioning": [],
                "upgrade_settings": [
                  {
                    "blue_green_settings": [],
                    "max_surge": 1,
                    "max_unavailable": 0,
                    "strategy": "SURGE"
                  }
                ],
                "version": "1.30.5-gke.1355000"
              }
            ],
            "node_pool_auto_config": [],
            "node_pool_defaults": [
              {
                "node_config_defaults": [
                  {
                    "containerd_config": [],
                    "gcfs_config": [],
                    "insecure_kubelet_readonly_port_enabled": "FALSE",
                    "logging_variant": "DEFAULT"
                  }
                ]
              }
            ],
            "node_version": "1.30.5-gke.1355000",
            "notification_config": [
              {
                "pubsub": [
                  {
                    "enabled": false,
                    "filter": [],
                    "topic": ""
                  }
                ]
              }
            ],
            "operation": null,
            "private_cluster_config": [
              {
                "enable_private_endpoint": false,
                "enable_private_nodes": false,
                "master_global_access_config": [
                  {
                    "enabled": false
                  }
                ],
                "master_ipv4_cidr_block": "",
                "peering_name": "",
                "private_endpoint": "10.128.0.6",
                "private_endpoint_subnetwork": "",
                "public_endpoint": "34.70.183.253"
              }
            ],
            "private_ipv6_google_access": "",
            "project": "devops-demo-440509",
            "release_channel": [
              {
                "channel": "REGULAR"
              }
            ],
            "remove_default_node_pool": null,
            "resource_labels": {},
            "resource_usage_export_config": [],
            "secret_manager_config": [
              {
                "enabled": false
              }
            ],
            "security_posture_config": [
              {
                "mode": "BASIC",
                "vulnerability_mode": "VULNERABILITY_MODE_UNSPECIFIED"
              }
            ],
            "self_link": "https://container.googleapis.com/v1/projects/devops-demo-440509/locations/us-central1/clusters/my-gke-cluster",
            "service_external_ips_config": [
              {
                "enabled": false
              }
            ],
            "services_ipv4_cidr": "34.118.224.0/20",
            "subnetwork": "projects/devops-demo-440509/regions/us-central1/subnetworks/default",
            "terraform_labels": {
              "goog-terraform-provisioned": "true"
            },
            "timeouts": null,
            "tpu_ipv4_cidr_block": "",
            "vertical_pod_autoscaling": [],
            "workload_identity_config": []
          },
          "sensitive_attributes": [
            [
              {
                "type": "get_attr",
                "value": "master_auth"
              },
              {
                "type": "index",
                "value": {
                  "value": 0,
                  "type": "number"
                }
              },
              {
                "type": "get_attr",
                "value": "client_key"
              }
            ]
          ],
          "private": "eyJlMmJmYjczMC1lY2FhLTExZTYtOGY4OC0zNDM2M2JjN2M0YzAiOnsiY3JlYXRlIjoyNDAwMDAwMDAwMDAwLCJkZWxldGUiOjI0MDAwMDAwMDAwMDAsInJlYWQiOjI0MDAwMDAwMDAwMDAsInVwZGF0ZSI6MzYwMDAwMDAwMDAwMH0sInNjaGVtYV92ZXJzaW9uIjoiMiJ9"
        }
      ]
    },
    {
      "mode": "managed",
      "type": "google_container_node_pool",
      "name": "primary_nodes",
      "provider": "provider[\"registry.terraform.io/hashicorp/google\"]",
      "instances": [
        {
          "schema_version": 1,
          "attributes": {
            "autoscaling": [],
            "cluster": "my-gke-cluster",
            "id": "projects/devops-demo-440509/locations/us-central1/clusters/my-gke-cluster/nodePools/terraform-20241104125606627500000001",
            "initial_node_count": 1,
            "instance_group_urls": [
              "https://www.googleapis.com/compute/v1/projects/devops-demo-440509/zones/us-central1-b/instanceGroupManagers/gke-my-gke-cluster-terraform-20241104-a47d294a-grp",
              "https://www.googleapis.com/compute/v1/projects/devops-demo-440509/zones/us-central1-c/instanceGroupManagers/gke-my-gke-cluster-terraform-20241104-39d45a5d-grp",
              "https://www.googleapis.com/compute/v1/projects/devops-demo-440509/zones/us-central1-f/instanceGroupManagers/gke-my-gke-cluster-terraform-20241104-12bdadea-grp"
            ],
            "location": "us-central1",
            "managed_instance_group_urls": [
              "https://www.googleapis.com/compute/v1/projects/devops-demo-440509/zones/us-central1-b/instanceGroups/gke-my-gke-cluster-terraform-20241104-a47d294a-grp",
              "https://www.googleapis.com/compute/v1/projects/devops-demo-440509/zones/us-central1-c/instanceGroups/gke-my-gke-cluster-terraform-20241104-39d45a5d-grp",
              "https://www.googleapis.com/compute/v1/projects/devops-demo-440509/zones/us-central1-f/instanceGroups/gke-my-gke-cluster-terraform-20241104-12bdadea-grp"
            ],
            "management": [
              {
                "auto_repair": true,
                "auto_upgrade": true
              }
            ],
            "max_pods_per_node": 110,
            "name": "terraform-20241104125606627500000001",
            "name_prefix": "",
            "network_config": [
              {
                "additional_node_network_configs": [],
                "additional_pod_network_configs": [],
                "create_pod_range": false,
                "enable_private_nodes": false,
                "network_performance_config": [],
                "pod_cidr_overprovision_config": [],
                "pod_ipv4_cidr_block": "10.112.0.0/14",
                "pod_range": "gke-my-gke-cluster-pods-a6aa0ffa"
              }
            ],
            "node_config": [
              {
                "advanced_machine_features": [],
                "boot_disk_kms_key": "",
                "confidential_nodes": [],
                "containerd_config": [],
                "disk_size_gb": 20,
                "disk_type": "pd-balanced",
                "effective_taints": [],
                "enable_confidential_storage": false,
                "ephemeral_storage_local_ssd_config": [],
                "fast_socket": [],
                "gcfs_config": [],
                "guest_accelerator": [],
                "gvnic": [],
                "host_maintenance_policy": [],
                "image_type": "COS_CONTAINERD",
                "kubelet_config": [],
                "labels": {},
                "linux_node_config": [],
                "local_nvme_ssd_block_config": [],
                "local_ssd_count": 0,
                "logging_variant": "DEFAULT",
                "machine_type": "e2-small",
                "metadata": {
                  "disable-legacy-endpoints": "true"
                },
                "min_cpu_platform": "",
                "node_group": "",
                "oauth_scopes": [
                  "https://www.googleapis.com/auth/cloud-platform"
                ],
                "preemptible": true,
                "reservation_affinity": [],
                "resource_labels": null,
                "resource_manager_tags": null,
                "secondary_boot_disks": [],
                "service_account": "default",
                "shielded_instance_config": [
                  {
                    "enable_integrity_monitoring": true,
                    "enable_secure_boot": false
                  }
                ],
                "sole_tenant_config": [],
                "spot": false,
                "storage_pools": null,
                "tags": null,
                "taint": [],
                "workload_metadata_config": []
              }
            ],
            "node_count": 1,
            "node_locations": [
              "us-central1-b",
              "us-central1-c",
              "us-central1-f"
            ],
            "operation": null,
            "placement_policy": [],
            "project": "devops-demo-440509",
            "queued_provisioning": [],
            "timeouts": null,
            "upgrade_settings": [
              {
                "blue_green_settings": [],
                "max_surge": 1,
                "max_unavailable": 0,
                "strategy": "SURGE"
              }
            ],
            "version": "1.30.5-gke.1355000"
          },
          "sensitive_attributes": [],
          "private": "eyJlMmJmYjczMC1lY2FhLTExZTYtOGY4OC0zNDM2M2JjN2M0YzAiOnsiY3JlYXRlIjoxODAwMDAwMDAwMDAwLCJkZWxldGUiOjE4MDAwMDAwMDAwMDAsInVwZGF0ZSI6MTgwMDAwMDAwMDAwMH0sInNjaGVtYV92ZXJzaW9uIjoiMSJ9",
          "dependencies": [
            "google_container_cluster.primary"
          ]
        }
      ]
    }
  ],
  "check_results": null
}
